{
  "version": 4,
  "terraform_version": "1.6.1",
  "serial": 10,
  "lineage": "3e342d56-8032-1613-2e48-2de83f1da10d",
  "outputs": {
    "webapp_ips": {
      "value": "20.61.134.208,20.61.134.217,20.61.134.232,20.61.134.244,20.61.134.247,20.61.131.61,52.137.59.51,52.137.60.152,20.61.133.229,20.61.133.232,20.61.133.245,20.61.133.246,20.105.216.44",
      "type": "string"
    },
    "webapp_url": {
      "value": "ivo-homies-service-name.azurewebsites.net",
      "type": "string"
    }
  },
  "resources": [
    {
      "mode": "managed",
      "type": "azurerm_app_service_source_control",
      "name": "assc",
      "provider": "provider[\"registry.terraform.io/hashicorp/azurerm\"]",
      "instances": [
        {
          "schema_version": 0,
          "attributes": {
            "app_id": "/subscriptions/849469a5-bacf-49b3-a6a9-638d980bec0b/resourceGroups/ivoRashkovResourceGroup/providers/Microsoft.Web/sites/ivo-homies-service-name",
            "branch": "main",
            "github_action_configuration": [],
            "id": "/subscriptions/849469a5-bacf-49b3-a6a9-638d980bec0b/resourceGroups/ivoRashkovResourceGroup/providers/Microsoft.Web/sites/ivo-homies-service-name",
            "repo_url": "https://github.com/ivorashkov/Homies.git",
            "rollback_enabled": false,
            "scm_type": "ExternalGit",
            "timeouts": null,
            "use_local_git": false,
            "use_manual_integration": true,
            "use_mercurial": false,
            "uses_github_action": false
          },
          "sensitive_attributes": [],
          "private": "eyJlMmJmYjczMC1lY2FhLTExZTYtOGY4OC0zNDM2M2JjN2M0YzAiOnsiY3JlYXRlIjoxODAwMDAwMDAwMDAwLCJkZWxldGUiOjE4MDAwMDAwMDAwMDAsInJlYWQiOjMwMDAwMDAwMDAwMH19",
          "dependencies": [
            "azurerm_linux_web_app.lwa",
            "azurerm_mssql_database.database",
            "azurerm_mssql_server.sqlserver",
            "azurerm_resource_group.rg",
            "azurerm_service_plan.asp"
          ]
        }
      ]
    },
    {
      "mode": "managed",
      "type": "azurerm_linux_web_app",
      "name": "lwa",
      "provider": "provider[\"registry.terraform.io/hashicorp/azurerm\"]",
      "instances": [
        {
          "schema_version": 0,
          "attributes": {
            "app_settings": null,
            "auth_settings": [],
            "auth_settings_v2": [],
            "backup": [],
            "client_affinity_enabled": false,
            "client_certificate_enabled": false,
            "client_certificate_exclusion_paths": "",
            "client_certificate_mode": "Required",
            "connection_string": [
              {
                "name": "DefaultConnection",
                "type": "SQLAzure",
                "value": "Data Source=tcp:ivo-sql-name.database.windows.net,1433;Initial Catalog=Homies;User ID=missadministrator;Password=myStrongPassword12#;Trusted_Connection=False; MultipleActiveResultSets=True;"
              }
            ],
            "custom_domain_verification_id": "53D98D99136DD3C7E4CB54E49B03ACCF5CA62AA6E07562A598317DD622ABD9FA",
            "default_hostname": "ivo-homies-service-name.azurewebsites.net",
            "enabled": true,
            "hosting_environment_id": "",
            "https_only": false,
            "id": "/subscriptions/849469a5-bacf-49b3-a6a9-638d980bec0b/resourceGroups/ivoRashkovResourceGroup/providers/Microsoft.Web/sites/ivo-homies-service-name",
            "identity": [],
            "key_vault_reference_identity_id": "SystemAssigned",
            "kind": "app,linux",
            "location": "westeurope",
            "logs": [],
            "name": "ivo-homies-service-name",
            "outbound_ip_address_list": [
              "20.61.134.208",
              "20.61.134.217",
              "20.61.134.232",
              "20.61.134.244",
              "20.61.134.247",
              "20.61.131.61",
              "52.137.59.51",
              "52.137.60.152",
              "20.61.133.229",
              "20.61.133.232",
              "20.61.133.245",
              "20.61.133.246",
              "20.105.216.44"
            ],
            "outbound_ip_addresses": "20.61.134.208,20.61.134.217,20.61.134.232,20.61.134.244,20.61.134.247,20.61.131.61,52.137.59.51,52.137.60.152,20.61.133.229,20.61.133.232,20.61.133.245,20.61.133.246,20.105.216.44",
            "possible_outbound_ip_address_list": [
              "20.61.134.208",
              "20.61.134.217",
              "20.61.134.232",
              "20.61.134.244",
              "20.61.134.247",
              "20.61.131.61",
              "52.137.59.51",
              "52.137.60.152",
              "20.61.133.229",
              "20.61.133.232",
              "20.61.133.245",
              "20.61.133.246",
              "20.61.134.15",
              "20.61.134.32",
              "20.61.134.37",
              "20.61.134.40",
              "20.61.134.58",
              "20.61.134.101",
              "20.61.134.107",
              "20.61.134.114",
              "20.61.134.123",
              "20.61.134.147",
              "20.61.134.175",
              "20.61.134.182",
              "20.61.134.208",
              "20.61.134.217",
              "20.61.134.232",
              "20.61.134.244",
              "20.61.134.247",
              "20.61.131.61",
              "20.61.134.252",
              "20.61.134.254",
              "20.61.135.10",
              "20.61.135.21",
              "20.61.135.29",
              "20.61.135.226",
              "20.105.216.44"
            ],
            "possible_outbound_ip_addresses": "20.61.134.208,20.61.134.217,20.61.134.232,20.61.134.244,20.61.134.247,20.61.131.61,52.137.59.51,52.137.60.152,20.61.133.229,20.61.133.232,20.61.133.245,20.61.133.246,20.61.134.15,20.61.134.32,20.61.134.37,20.61.134.40,20.61.134.58,20.61.134.101,20.61.134.107,20.61.134.114,20.61.134.123,20.61.134.147,20.61.134.175,20.61.134.182,20.61.134.208,20.61.134.217,20.61.134.232,20.61.134.244,20.61.134.247,20.61.131.61,20.61.134.252,20.61.134.254,20.61.135.10,20.61.135.21,20.61.135.29,20.61.135.226,20.105.216.44",
            "public_network_access_enabled": true,
            "resource_group_name": "ivoRashkovResourceGroup",
            "service_plan_id": "/subscriptions/849469a5-bacf-49b3-a6a9-638d980bec0b/resourceGroups/ivoRashkovResourceGroup/providers/Microsoft.Web/serverfarms/ivo-homies-sp",
            "site_config": [
              {
                "always_on": false,
                "api_definition_url": "",
                "api_management_api_id": "",
                "app_command_line": "",
                "application_stack": [
                  {
                    "docker_image": "",
                    "docker_image_name": "",
                    "docker_image_tag": "",
                    "docker_registry_password": "",
                    "docker_registry_url": "",
                    "docker_registry_username": "",
                    "dotnet_version": "6.0",
                    "go_version": "",
                    "java_server": "",
                    "java_server_version": "",
                    "java_version": "",
                    "node_version": "",
                    "php_version": "",
                    "python_version": "",
                    "ruby_version": ""
                  }
                ],
                "auto_heal_enabled": false,
                "auto_heal_setting": [],
                "container_registry_managed_identity_client_id": "",
                "container_registry_use_managed_identity": false,
                "cors": [],
                "default_documents": [
                  "Default.htm",
                  "Default.html",
                  "Default.asp",
                  "index.htm",
                  "index.html",
                  "iisstart.htm",
                  "default.aspx",
                  "index.php",
                  "hostingstart.html"
                ],
                "detailed_error_logging_enabled": false,
                "ftps_state": "Disabled",
                "health_check_eviction_time_in_min": 0,
                "health_check_path": "",
                "http2_enabled": false,
                "ip_restriction": [],
                "linux_fx_version": "DOTNETCORE|6.0",
                "load_balancing_mode": "LeastRequests",
                "local_mysql_enabled": false,
                "managed_pipeline_mode": "Integrated",
                "minimum_tls_version": "1.2",
                "remote_debugging_enabled": false,
                "remote_debugging_version": "VS2019",
                "scm_ip_restriction": [],
                "scm_minimum_tls_version": "1.2",
                "scm_type": "None",
                "scm_use_main_ip_restriction": false,
                "use_32_bit_worker": true,
                "vnet_route_all_enabled": false,
                "websockets_enabled": false,
                "worker_count": 1
              }
            ],
            "site_credential": [
              {
                "name": "$ivo-homies-service-name",
                "password": "gQADXg7rwylRo5w2mfEmYY1gfl5WDC3DoyhlisoQwPrWNlD34xgTD9En3hsy"
              }
            ],
            "sticky_settings": [],
            "storage_account": [],
            "tags": null,
            "timeouts": null,
            "virtual_network_subnet_id": "",
            "zip_deploy_file": ""
          },
          "sensitive_attributes": [
            [
              {
                "type": "get_attr",
                "value": "connection_string"
              }
            ]
          ],
          "private": "eyJlMmJmYjczMC1lY2FhLTExZTYtOGY4OC0zNDM2M2JjN2M0YzAiOnsiY3JlYXRlIjoxODAwMDAwMDAwMDAwLCJkZWxldGUiOjE4MDAwMDAwMDAwMDAsInJlYWQiOjMwMDAwMDAwMDAwMCwidXBkYXRlIjoxODAwMDAwMDAwMDAwfX0=",
          "dependencies": [
            "azurerm_mssql_database.database",
            "azurerm_mssql_server.sqlserver",
            "azurerm_resource_group.rg",
            "azurerm_service_plan.asp"
          ]
        }
      ]
    },
    {
      "mode": "managed",
      "type": "azurerm_mssql_database",
      "name": "database",
      "provider": "provider[\"registry.terraform.io/hashicorp/azurerm\"]",
      "instances": [
        {
          "schema_version": 1,
          "attributes": {
            "auto_pause_delay_in_minutes": 0,
            "collation": "SQL_Latin1_General_CP1_CI_AS",
            "create_mode": "Default",
            "creation_source_database_id": null,
            "elastic_pool_id": "",
            "geo_backup_enabled": true,
            "id": "/subscriptions/849469a5-bacf-49b3-a6a9-638d980bec0b/resourceGroups/ivoRashkovResourceGroup/providers/Microsoft.Sql/servers/ivo-sql-name/databases/Homies",
            "import": [],
            "ledger_enabled": false,
            "license_type": "LicenseIncluded",
            "long_term_retention_policy": [
              {
                "monthly_retention": "PT0S",
                "week_of_year": 1,
                "weekly_retention": "PT0S",
                "yearly_retention": "PT0S"
              }
            ],
            "maintenance_configuration_name": "SQL_Default",
            "max_size_gb": 2,
            "min_capacity": 0,
            "name": "Homies",
            "read_replica_count": 0,
            "read_scale": false,
            "recover_database_id": null,
            "restore_dropped_database_id": null,
            "restore_point_in_time": null,
            "sample_name": null,
            "server_id": "/subscriptions/849469a5-bacf-49b3-a6a9-638d980bec0b/resourceGroups/ivoRashkovResourceGroup/providers/Microsoft.Sql/servers/ivo-sql-name",
            "short_term_retention_policy": [
              {
                "backup_interval_in_hours": 24,
                "retention_days": 7
              }
            ],
            "sku_name": "S0",
            "storage_account_type": "Geo",
            "tags": null,
            "threat_detection_policy": [
              {
                "disabled_alerts": [],
                "email_account_admins": "Disabled",
                "email_addresses": [],
                "retention_days": 0,
                "state": "Disabled",
                "storage_account_access_key": "",
                "storage_endpoint": ""
              }
            ],
            "timeouts": null,
            "transparent_data_encryption_enabled": true,
            "zone_redundant": false
          },
          "sensitive_attributes": [],
          "private": "eyJlMmJmYjczMC1lY2FhLTExZTYtOGY4OC0zNDM2M2JjN2M0YzAiOnsiY3JlYXRlIjozNjAwMDAwMDAwMDAwLCJkZWxldGUiOjM2MDAwMDAwMDAwMDAsInJlYWQiOjMwMDAwMDAwMDAwMCwidXBkYXRlIjozNjAwMDAwMDAwMDAwfSwic2NoZW1hX3ZlcnNpb24iOiIxIn0=",
          "dependencies": [
            "azurerm_mssql_server.sqlserver",
            "azurerm_resource_group.rg"
          ]
        }
      ]
    },
    {
      "mode": "managed",
      "type": "azurerm_mssql_firewall_rule",
      "name": "firewall",
      "provider": "provider[\"registry.terraform.io/hashicorp/azurerm\"]",
      "instances": [
        {
          "schema_version": 0,
          "attributes": {
            "end_ip_address": "0.0.0.0",
            "id": "/subscriptions/849469a5-bacf-49b3-a6a9-638d980bec0b/resourceGroups/ivoRashkovResourceGroup/providers/Microsoft.Sql/servers/ivo-sql-name/firewallRules/homies-app-firewall",
            "name": "homies-app-firewall",
            "server_id": "/subscriptions/849469a5-bacf-49b3-a6a9-638d980bec0b/resourceGroups/ivoRashkovResourceGroup/providers/Microsoft.Sql/servers/ivo-sql-name",
            "start_ip_address": "0.0.0.0",
            "timeouts": null
          },
          "sensitive_attributes": [],
          "private": "eyJlMmJmYjczMC1lY2FhLTExZTYtOGY4OC0zNDM2M2JjN2M0YzAiOnsiY3JlYXRlIjoxODAwMDAwMDAwMDAwLCJkZWxldGUiOjE4MDAwMDAwMDAwMDAsInJlYWQiOjMwMDAwMDAwMDAwMCwidXBkYXRlIjoxODAwMDAwMDAwMDAwfX0=",
          "dependencies": [
            "azurerm_mssql_server.sqlserver",
            "azurerm_resource_group.rg"
          ]
        }
      ]
    },
    {
      "mode": "managed",
      "type": "azurerm_mssql_server",
      "name": "sqlserver",
      "provider": "provider[\"registry.terraform.io/hashicorp/azurerm\"]",
      "instances": [
        {
          "schema_version": 0,
          "attributes": {
            "administrator_login": "missadministrator",
            "administrator_login_password": "myStrongPassword12#",
            "azuread_administrator": [],
            "connection_policy": "Default",
            "fully_qualified_domain_name": "ivo-sql-name.database.windows.net",
            "id": "/subscriptions/849469a5-bacf-49b3-a6a9-638d980bec0b/resourceGroups/ivoRashkovResourceGroup/providers/Microsoft.Sql/servers/ivo-sql-name",
            "identity": [],
            "location": "westeurope",
            "minimum_tls_version": "1.2",
            "name": "ivo-sql-name",
            "outbound_network_restriction_enabled": false,
            "primary_user_assigned_identity_id": "",
            "public_network_access_enabled": true,
            "resource_group_name": "ivoRashkovResourceGroup",
            "restorable_dropped_database_ids": [],
            "tags": null,
            "timeouts": null,
            "transparent_data_encryption_key_vault_key_id": "",
            "version": "12.0"
          },
          "sensitive_attributes": [],
          "private": "eyJlMmJmYjczMC1lY2FhLTExZTYtOGY4OC0zNDM2M2JjN2M0YzAiOnsiY3JlYXRlIjozNjAwMDAwMDAwMDAwLCJkZWxldGUiOjM2MDAwMDAwMDAwMDAsInJlYWQiOjMwMDAwMDAwMDAwMCwidXBkYXRlIjozNjAwMDAwMDAwMDAwfX0=",
          "dependencies": [
            "azurerm_resource_group.rg"
          ]
        }
      ]
    },
    {
      "mode": "managed",
      "type": "azurerm_resource_group",
      "name": "rg",
      "provider": "provider[\"registry.terraform.io/hashicorp/azurerm\"]",
      "instances": [
        {
          "schema_version": 0,
          "attributes": {
            "id": "/subscriptions/849469a5-bacf-49b3-a6a9-638d980bec0b/resourceGroups/ivoRashkovResourceGroup",
            "location": "westeurope",
            "managed_by": "",
            "name": "ivoRashkovResourceGroup",
            "tags": {},
            "timeouts": null
          },
          "sensitive_attributes": [],
          "private": "eyJlMmJmYjczMC1lY2FhLTExZTYtOGY4OC0zNDM2M2JjN2M0YzAiOnsiY3JlYXRlIjo1NDAwMDAwMDAwMDAwLCJkZWxldGUiOjU0MDAwMDAwMDAwMDAsInJlYWQiOjMwMDAwMDAwMDAwMCwidXBkYXRlIjo1NDAwMDAwMDAwMDAwfX0="
        }
      ]
    },
    {
      "mode": "managed",
      "type": "azurerm_service_plan",
      "name": "asp",
      "provider": "provider[\"registry.terraform.io/hashicorp/azurerm\"]",
      "instances": [
        {
          "schema_version": 0,
          "attributes": {
            "app_service_environment_id": "",
            "id": "/subscriptions/849469a5-bacf-49b3-a6a9-638d980bec0b/resourceGroups/ivoRashkovResourceGroup/providers/Microsoft.Web/serverfarms/ivo-homies-sp",
            "kind": "linux",
            "location": "westeurope",
            "maximum_elastic_worker_count": 1,
            "name": "ivo-homies-sp",
            "os_type": "Linux",
            "per_site_scaling_enabled": false,
            "reserved": true,
            "resource_group_name": "ivoRashkovResourceGroup",
            "sku_name": "F1",
            "tags": {},
            "timeouts": null,
            "worker_count": 1,
            "zone_balancing_enabled": false
          },
          "sensitive_attributes": [],
          "private": "eyJlMmJmYjczMC1lY2FhLTExZTYtOGY4OC0zNDM2M2JjN2M0YzAiOnsiY3JlYXRlIjozNjAwMDAwMDAwMDAwLCJkZWxldGUiOjM2MDAwMDAwMDAwMDAsInJlYWQiOjMwMDAwMDAwMDAwMCwidXBkYXRlIjozNjAwMDAwMDAwMDAwfX0=",
          "dependencies": [
            "azurerm_resource_group.rg"
          ]
        }
      ]
    }
  ],
  "check_results": null
}
